// !$*UTF8*$!
{
	archiveVersion = 1;
	classes = {
	};
	objectVersion = 77;
	objects = {

/* Begin PBXBuildFile section */
		69A9B220300CB40900791BB4 /* AppDelegate.swift in Sources */ = {isa = PBXBuildFile; fileRef = 69A9B21F300CB40900791BB4 /* AppDelegate.swift */; };
		69A9B222300CB40900791BB4 /* SceneDelegate.swift in Sources */ = {isa = PBXBuildFile; fileRef = 69A9B221300CB40900791BB4 /* SceneDelegate.swift */; };
		69A9B225300CB40900791BB4 /* LaunchScreen.storyboard in Resources */ = {isa = PBXBuildFile; fileRef = 69A9B223300CB40900791BB4 /* LaunchScreen.storyboard */; };
		69A9B228300CB40900791BB4 /* Main.storyboard in Resources */ = {isa = PBXBuildFile; fileRef = 69A9B226300CB40900791BB4 /* Main.storyboard */; };
		69A9B231300CB40900791BB4 /* AppDelegate.swift in Sources */ = {isa = PBXBuildFile; fileRef = 69A9B230300CB40900791BB4 /* AppDelegate.swift */; };
		69A9B234300CB40900791BB4 /* Main.storyboard in Resources */ = {isa = PBXBuildFile; fileRef = 69A9B232300CB40900791BB4 /* Main.storyboard */; };
		69A9B23B300CB40900791BB4 /* Not Recommended Extension.appex in Embed Foundation Extensions */ = {isa = PBXBuildFile; fileRef = 69A9B23A300CB40900791BB4 /* Not Recommended Extension.appex */; settings = {ATTRIBUTES = (RemoveHeadersOnCopy, ); }; };
		69A9B245300CB40900791BB4 /* Not Recommended Extension.appex in Embed Foundation Extensions */ = {isa = PBXBuildFile; fileRef = 69A9B244300CB40900791BB4 /* Not Recommended Extension.appex */; settings = {ATTRIBUTES = (RemoveHeadersOnCopy, ); }; };
		69A9B24A300CB40900791BB4 /* Main.html in Resources */ = {isa = PBXBuildFile; fileRef = 69A9B20F300CB40800791BB4 /* Main.html */; };
		69A9B24B300CB40900791BB4 /* Main.html in Resources */ = {isa = PBXBuildFile; fileRef = 69A9B20F300CB40800791BB4 /* Main.html */; };
		69A9B24C300CB40900791BB4 /* Icon.png in Resources */ = {isa = PBXBuildFile; fileRef = 69A9B211300CB40800791BB4 /* Icon.png */; };
		69A9B24D300CB40900791BB4 /* Icon.png in Resources */ = {isa = PBXBuildFile; fileRef = 69A9B211300CB40800791BB4 /* Icon.png */; };
		69A9B24E300CB40900791BB4 /* Style.css in Resources */ = {isa = PBXBuildFile; fileRef = 69A9B212300CB40800791BB4 /* Style.css */; };
		69A9B24F300CB40900791BB4 /* Style.css in Resources */ = {isa = PBXBuildFile; fileRef = 69A9B212300CB40800791BB4 /* Style.css */; };
		69A9B250300CB40900791BB4 /* Script.js in Resources */ = {isa = PBXBuildFile; fileRef = 69A9B213300CB40800791BB4 /* Script.js */; };
		69A9B251300CB40900791BB4 /* Script.js in Resources */ = {isa = PBXBuildFile; fileRef = 69A9B213300CB40800791BB4 /* Script.js */; };
		69A9B252300CB40900791BB4 /* ViewController.swift in Sources */ = {isa = PBXBuildFile; fileRef = 69A9B214300CB40800791BB4 /* ViewController.swift */; };
		69A9B253300CB40900791BB4 /* ViewController.swift in Sources */ = {isa = PBXBuildFile; fileRef = 69A9B214300CB40800791BB4 /* ViewController.swift */; };
		69A9B254300CB40900791BB4 /* Assets.xcassets in Resources */ = {isa = PBXBuildFile; fileRef = 69A9B215300CB40900791BB4 /* Assets.xcassets */; };
		69A9B255300CB40900791BB4 /* Assets.xcassets in Resources */ = {isa = PBXBuildFile; fileRef = 69A9B215300CB40900791BB4 /* Assets.xcassets */; };
		69A9B256300CB40900791BB4 /* SafariWebExtensionHandler.swift in Sources */ = {isa = PBXBuildFile; fileRef = 69A9B217300CB40900791BB4 /* SafariWebExtensionHandler.swift */; };
		69A9B257300CB40900791BB4 /* SafariWebExtensionHandler.swift in Sources */ = {isa = PBXBuildFile; fileRef = 69A9B217300CB40900791BB4 /* SafariWebExtensionHandler.swift */; };
		69A9B275300CB40900791BB4 /* popup.js in Resources */ = {isa = PBXBuildFile; fileRef = 69A9B269300CB40900791BB4 /* popup.js */; };
		69A9B276300CB40900791BB4 /* content.css in Resources */ = {isa = PBXBuildFile; fileRef = 69A9B26A300CB40900791BB4 /* content.css */; };
		69A9B277300CB40900791BB4 /* LICENSE in Resources */ = {isa = PBXBuildFile; fileRef = 69A9B26B300CB40900791BB4 /* LICENSE */; };
		69A9B278300CB40900791BB4 /* background.js in Resources */ = {isa = PBXBuildFile; fileRef = 69A9B26C300CB40900791BB4 /* background.js */; };
		69A9B279300CB40900791BB4 /* popup.html in Resources */ = {isa = PBXBuildFile; fileRef = 69A9B26D300CB40900791BB4 /* popup.html */; };
		69A9B27A300CB40900791BB4 /* PRIVACY.md in Resources */ = {isa = PBXBuildFile; fileRef = 69A9B26E300CB40900791BB4 /* PRIVACY.md */; };
		69A9B27B300CB40900791BB4 /* README.md in Resources */ = {isa = PBXBuildFile; fileRef = 69A9B26F300CB40900791BB4 /* README.md */; };
		69A9B27C300CB40900791BB4 /* icons in Resources */ = {isa = PBXBuildFile; fileRef = 69A9B270300CB40900791BB4 /* icons */; };
		69A9B27D300CB40900791BB4 /* manifest.json in Resources */ = {isa = PBXBuildFile; fileRef = 69A9B271300CB40900791BB4 /* manifest.json */; };
		69A9B27E300CB40900791BB4 /* lib in Resources */ = {isa = PBXBuildFile; fileRef = 69A9B272300CB40900791BB4 /* lib */; };
		69A9B27F300CB40900791BB4 /* popup.css in Resources */ = {isa = PBXBuildFile; fileRef = 69A9B273300CB40900791BB4 /* popup.css */; };
		69A9B280300CB40900791BB4 /* content.js in Resources */ = {isa = PBXBuildFile; fileRef = 69A9B274300CB40900791BB4 /* content.js */; };
		69A9B281300CB40900791BB4 /* popup.js in Resources */ = {isa = PBXBuildFile; fileRef = 69A9B269300CB40900791BB4 /* popup.js */; };
		69A9B282300CB40900791BB4 /* content.css in Resources */ = {isa = PBXBuildFile; fileRef = 69A9B26A300CB40900791BB4 /* content.css */; };
		69A9B283300CB40900791BB4 /* LICENSE in Resources */ = {isa = PBXBuildFile; fileRef = 69A9B26B300CB40900791BB4 /* LICENSE */; };
		69A9B284300CB40900791BB4 /* background.js in Resources */ = {isa = PBXBuildFile; fileRef = 69A9B26C300CB40900791BB4 /* background.js */; };
		69A9B285300CB40900791BB4 /* popup.html in Resources */ = {isa = PBXBuildFile; fileRef = 69A9B26D300CB40900791BB4 /* popup.html */; };
		69A9B286300CB40900791BB4 /* PRIVACY.md in Resources */ = {isa = PBXBuildFile; fileRef = 69A9B26E300CB40900791BB4 /* PRIVACY.md */; };
		69A9B287300CB40900791BB4 /* README.md in Resources */ = {isa = PBXBuildFile; fileRef = 69A9B26F300CB40900791BB4 /* README.md */; };
		69A9B288300CB40900791BB4 /* icons in Resources */ = {isa = PBXBuildFile; fileRef = 69A9B270300CB40900791BB4 /* icons */; };
		69A9B289300CB40900791BB4 /* manifest.json in Resources */ = {isa = PBXBuildFile; fileRef = 69A9B271300CB40900791BB4 /* manifest.json */; };
		69A9B28A300CB40900791BB4 /* lib in Resources */ = {isa = PBXBuildFile; fileRef = 69A9B272300CB40900791BB4 /* lib */; };
		69A9B28B300CB40900791BB4 /* popup.css in Resources */ = {isa = PBXBuildFile; fileRef = 69A9B273300CB40900791BB4 /* popup.css */; };
		69A9B28C300CB40900791BB4 /* content.js in Resources */ = {isa = PBXBuildFile; fileRef = 69A9B274300CB40900791BB4 /* content.js */; };
/* End PBXBuildFile section */

/* Begin PBXContainerItemProxy section */
		69A9B23C300CB40900791BB4 /* PBXContainerItemProxy */ = {
			isa = PBXContainerItemProxy;
			containerPortal = 69A9B209300CB40800791BB4 /* Project object */;
			proxyType = 1;
			remoteGlobalIDString = 69A9B239300CB40900791BB4;
			remoteInfo = "Not Recommended Extension (iOS)";
		};
		69A9B246300CB40900791BB4 /* PBXContainerItemProxy */ = {
			isa = PBXContainerItemProxy;
			containerPortal = 69A9B209300CB40800791BB4 /* Project object */;
			proxyType = 1;
			remoteGlobalIDString = 69A9B243300CB40900791BB4;
			remoteInfo = "Not Recommended Extension (macOS)";
		};
/* End PBXContainerItemProxy section */

/* Begin PBXCopyFilesBuildPhase section */
		69A9B25D300CB40900791BB4 /* Embed Foundation Extensions */ = {
			isa = PBXCopyFilesBuildPhase;
			buildActionMask = 2147483647;
			dstPath = "";
			dstSubfolderSpec = 13;
			files = (
				69A9B23B300CB40900791BB4 /* Not Recommended Extension.appex in Embed Foundation Extensions */,
			);
			name = "Embed Foundation Extensions";
			runOnlyForDeploymentPostprocessing = 0;
		};
		69A9B264300CB40900791BB4 /* Embed Foundation Extensions */ = {
			isa = PBXCopyFilesBuildPhase;
			buildActionMask = 2147483647;
			dstPath = "";
			dstSubfolderSpec = 13;
			files = (
				69A9B245300CB40900791BB4 /* Not Recommended Extension.appex in Embed Foundation Extensions */,
			);
			name = "Embed Foundation Extensions";
			runOnlyForDeploymentPostprocessing = 0;
		};
/* End PBXCopyFilesBuildPhase section */

/* Begin PBXFileReference section */
		69A9B210300CB40800791BB4 /* Base */ = {isa = PBXFileReference; lastKnownFileType = text.html; name = Base; path = Base.lproj/Main.html; sourceTree = "<group>"; };
		69A9B211300CB40800791BB4 /* Icon.png */ = {isa = PBXFileReference; lastKnownFileType = image.png; path = Icon.png; sourceTree = "<group>"; };
		69A9B212300CB40800791BB4 /* Style.css */ = {isa = PBXFileReference; lastKnownFileType = text.css; path = Style.css; sourceTree = "<group>"; };
		69A9B213300CB40800791BB4 /* Script.js */ = {isa = PBXFileReference; lastKnownFileType = sourcecode.javascript; path = Script.js; sourceTree = "<group>"; };
		69A9B214300CB40800791BB4 /* ViewController.swift */ = {isa = PBXFileReference; lastKnownFileType = sourcecode.swift; path = ViewController.swift; sourceTree = "<group>"; };
		69A9B215300CB40900791BB4 /* Assets.xcassets */ = {isa = PBXFileReference; lastKnownFileType = folder.assetcatalog; path = Assets.xcassets; sourceTree = "<group>"; };
		69A9B217300CB40900791BB4 /* SafariWebExtensionHandler.swift */ = {isa = PBXFileReference; lastKnownFileType = sourcecode.swift; path = SafariWebExtensionHandler.swift; sourceTree = "<group>"; };
		69A9B21C300CB40900791BB4 /* Not Recommended.app */ = {isa = PBXFileReference; explicitFileType = wrapper.application; includeInIndex = 0; path = "Not Recommended.app"; sourceTree = BUILT_PRODUCTS_DIR; };
		69A9B21F300CB40900791BB4 /* AppDelegate.swift */ = {isa = PBXFileReference; lastKnownFileType = sourcecode.swift; path = AppDelegate.swift; sourceTree = "<group>"; };
		69A9B221300CB40900791BB4 /* SceneDelegate.swift */ = {isa = PBXFileReference; lastKnownFileType = sourcecode.swift; path = SceneDelegate.swift; sourceTree = "<group>"; };
		69A9B224300CB40900791BB4 /* Base */ = {isa = PBXFileReference; lastKnownFileType = file.storyboard; name = Base; path = Base.lproj/LaunchScreen.storyboard; sourceTree = "<group>"; };
		69A9B227300CB40900791BB4 /* Base */ = {isa = PBXFileReference; lastKnownFileType = file.storyboard; name = Base; path = Base.lproj/Main.storyboard; sourceTree = "<group>"; };
		69A9B229300CB40900791BB4 /* Info.plist */ = {isa = PBXFileReference; lastKnownFileType = text.plist.xml; path = Info.plist; sourceTree = "<group>"; };
		69A9B22E300CB40900791BB4 /* Not Recommended.app */ = {isa = PBXFileReference; explicitFileType = wrapper.application; includeInIndex = 0; path = "Not Recommended.app"; sourceTree = BUILT_PRODUCTS_DIR; };
		69A9B230300CB40900791BB4 /* AppDelegate.swift */ = {isa = PBXFileReference; lastKnownFileType = sourcecode.swift; path = AppDelegate.swift; sourceTree = "<group>"; };
		69A9B233300CB40900791BB4 /* Base */ = {isa = PBXFileReference; lastKnownFileType = file.storyboard; name = Base; path = Base.lproj/Main.storyboard; sourceTree = "<group>"; };
		69A9B235300CB40900791BB4 /* Info.plist */ = {isa = PBXFileReference; lastKnownFileType = text.plist.xml; path = Info.plist; sourceTree = "<group>"; };
		69A9B23A300CB40900791BB4 /* Not Recommended Extension.appex */ = {isa = PBXFileReference; explicitFileType = "wrapper.app-extension"; includeInIndex = 0; path = "Not Recommended Extension.appex"; sourceTree = BUILT_PRODUCTS_DIR; };
		69A9B23F300CB40900791BB4 /* Info.plist */ = {isa = PBXFileReference; lastKnownFileType = text.plist.xml; path = Info.plist; sourceTree = "<group>"; };
		69A9B244300CB40900791BB4 /* Not Recommended Extension.appex */ = {isa = PBXFileReference; explicitFileType = "wrapper.app-extension"; includeInIndex = 0; path = "Not Recommended Extension.appex"; sourceTree = BUILT_PRODUCTS_DIR; };
		69A9B249300CB40900791BB4 /* Info.plist */ = {isa = PBXFileReference; lastKnownFileType = text.plist.xml; path = Info.plist; sourceTree = "<group>"; };
		69A9B269300CB40900791BB4 /* popup.js */ = {isa = PBXFileReference; lastKnownFileType = sourcecode.javascript; name = popup.js; path = ../../../dist/unpacked/popup.js; sourceTree = "<group>"; };
		69A9B26A300CB40900791BB4 /* content.css */ = {isa = PBXFileReference; lastKnownFileType = text.css; name = content.css; path = ../../../dist/unpacked/content.css; sourceTree = "<group>"; };
		69A9B26B300CB40900791BB4 /* LICENSE */ = {isa = PBXFileReference; lastKnownFileType = text; name = LICENSE; path = ../../../dist/unpacked/LICENSE; sourceTree = "<group>"; };
		69A9B26C300CB40900791BB4 /* background.js */ = {isa = PBXFileReference; lastKnownFileType = sourcecode.javascript; name = background.js; path = ../../../dist/unpacked/background.js; sourceTree = "<group>"; };
		69A9B26D300CB40900791BB4 /* popup.html */ = {isa = PBXFileReference; lastKnownFileType = text.html; name = popup.html; path = ../../../dist/unpacked/popup.html; sourceTree = "<group>"; };
		69A9B26E300CB40900791BB4 /* PRIVACY.md */ = {isa = PBXFileReference; lastKnownFileType = net.daringfireball.markdown; name = PRIVACY.md; path = ../../../dist/unpacked/PRIVACY.md; sourceTree = "<group>"; };
		69A9B26F300CB40900791BB4 /* README.md */ = {isa = PBXFileReference; lastKnownFileType = net.daringfireball.markdown; name = README.md; path = ../../../dist/unpacked/README.md; sourceTree = "<group>"; };
		69A9B270300CB40900791BB4 /* icons */ = {isa = PBXFileReference; lastKnownFileType = folder; name = icons; path = ../../../dist/unpacked/icons; sourceTree = "<group>"; };
		69A9B271300CB40900791BB4 /* manifest.json */ = {isa = PBXFileReference; lastKnownFileType = text.json; name = manifest.json; path = ../../../dist/unpacked/manifest.json; sourceTree = "<group>"; };
		69A9B272300CB40900791BB4 /* lib */ = {isa = PBXFileReference; lastKnownFileType = folder; name = lib; path = ../../../dist/unpacked/lib; sourceTree = "<group>"; };
		69A9B273300CB40900791BB4 /* popup.css */ = {isa = PBXFileReference; lastKnownFileType = text.css; name = popup.css; path = ../../../dist/unpacked/popup.css; sourceTree = "<group>"; };
		69A9B274300CB40900791BB4 /* content.js */ = {isa = PBXFileReference; lastKnownFileType = sourcecode.javascript; name = content.js; path = ../../../dist/unpacked/content.js; sourceTree = "<group>"; };
/* End PBXFileReference section */

/* Begin PBXFrameworksBuildPhase section */
		69A9B219300CB40900791BB4 /* Frameworks */ = {
			isa = PBXFrameworksBuildPhase;
			buildActionMask = 2147483647;
			files = (
			);
			runOnlyForDeploymentPostprocessing = 0;
		};
		69A9B22B300CB40900791BB4 /* Frameworks */ = {
			isa = PBXFrameworksBuildPhase;
			buildActionMask = 2147483647;
			files = (
			);
			runOnlyForDeploymentPostprocessing = 0;
		};
		69A9B237300CB40900791BB4 /* Frameworks */ = {
			isa = PBXFrameworksBuildPhase;
			buildActionMask = 2147483647;
			files = (
			);
			runOnlyForDeploymentPostprocessing = 0;
		};
		69A9B241300CB40900791BB4 /* Frameworks */ = {
			isa = PBXFrameworksBuildPhase;
			buildActionMask = 2147483647;
			files = (
			);
			runOnlyForDeploymentPostprocessing = 0;
		};
/* End PBXFrameworksBuildPhase section */

/* Begin PBXGroup section */
		69A9B208300CB40800791BB4 = {
			isa = PBXGroup;
			children = (
				69A9B20D300CB40800791BB4 /* Shared (App) */,
				69A9B216300CB40900791BB4 /* Shared (Extension) */,
				69A9B21E300CB40900791BB4 /* iOS (App) */,
				69A9B22F300CB40900791BB4 /* macOS (App) */,
				69A9B23E300CB40900791BB4 /* iOS (Extension) */,
				69A9B248300CB40900791BB4 /* macOS (Extension) */,
				69A9B21D300CB40900791BB4 /* Products */,
			);
			sourceTree = "<group>";
		};
		69A9B20D300CB40800791BB4 /* Shared (App) */ = {
			isa = PBXGroup;
			children = (
				69A9B214300CB40800791BB4 /* ViewController.swift */,
				69A9B215300CB40900791BB4 /* Assets.xcassets */,
				69A9B20E300CB40800791BB4 /* Resources */,
			);
			path = "Shared (App)";
			sourceTree = "<group>";
		};
		69A9B20E300CB40800791BB4 /* Resources */ = {
			isa = PBXGroup;
			children = (
				69A9B20F300CB40800791BB4 /* Main.html */,
				69A9B211300CB40800791BB4 /* Icon.png */,
				69A9B212300CB40800791BB4 /* Style.css */,
				69A9B213300CB40800791BB4 /* Script.js */,
			);
			path = Resources;
			sourceTree = "<group>";
		};
		69A9B216300CB40900791BB4 /* Shared (Extension) */ = {
			isa = PBXGroup;
			children = (
				69A9B268300CB40900791BB4 /* Resources */,
				69A9B217300CB40900791BB4 /* SafariWebExtensionHandler.swift */,
			);
			path = "Shared (Extension)";
			sourceTree = "<group>";
		};
		69A9B21D300CB40900791BB4 /* Products */ = {
			isa = PBXGroup;
			children = (
				69A9B21C300CB40900791BB4 /* Not Recommended.app */,
				69A9B22E300CB40900791BB4 /* Not Recommended.app */,
				69A9B23A300CB40900791BB4 /* Not Recommended Extension.appex */,
				69A9B244300CB40900791BB4 /* Not Recommended Extension.appex */,
			);
			name = Products;
			sourceTree = "<group>";
		};
		69A9B21E300CB40900791BB4 /* iOS (App) */ = {
			isa = PBXGroup;
			children = (
				69A9B21F300CB40900791BB4 /* AppDelegate.swift */,
				69A9B221300CB40900791BB4 /* SceneDelegate.swift */,
				69A9B223300CB40900791BB4 /* LaunchScreen.storyboard */,
				69A9B226300CB40900791BB4 /* Main.storyboard */,
				69A9B229300CB40900791BB4 /* Info.plist */,
			);
			path = "iOS (App)";
			sourceTree = "<group>";
		};
		69A9B22F300CB40900791BB4 /* macOS (App) */ = {
			isa = PBXGroup;
			children = (
				69A9B230300CB40900791BB4 /* AppDelegate.swift */,
				69A9B232300CB40900791BB4 /* Main.storyboard */,
				69A9B235300CB40900791BB4 /* Info.plist */,
			);
			path = "macOS (App)";
			sourceTree = "<group>";
		};
		69A9B23E300CB40900791BB4 /* iOS (Extension) */ = {
			isa = PBXGroup;
			children = (
				69A9B23F300CB40900791BB4 /* Info.plist */,
			);
			path = "iOS (Extension)";
			sourceTree = "<group>";
		};
		69A9B248300CB40900791BB4 /* macOS (Extension) */ = {
			isa = PBXGroup;
			children = (
				69A9B249300CB40900791BB4 /* Info.plist */,
			);
			path = "macOS (Extension)";
			sourceTree = "<group>";
		};
		69A9B268300CB40900791BB4 /* Resources */ = {
			isa = PBXGroup;
			children = (
				69A9B269300CB40900791BB4 /* popup.js */,
				69A9B26A300CB40900791BB4 /* content.css */,
				69A9B26B300CB40900791BB4 /* LICENSE */,
				69A9B26C300CB40900791BB4 /* background.js */,
				69A9B26D300CB40900791BB4 /* popup.html */,
				69A9B26E300CB40900791BB4 /* PRIVACY.md */,
				69A9B26F300CB40900791BB4 /* README.md */,
				69A9B270300CB40900791BB4 /* icons */,
				69A9B271300CB40900791BB4 /* manifest.json */,
				69A9B272300CB40900791BB4 /* lib */,
				69A9B273300CB40900791BB4 /* popup.css */,
				69A9B274300CB40900791BB4 /* content.js */,
			);
			name = Resources;
			path = "Shared (Extension)";
			sourceTree = SOURCE_ROOT;
		};
/* End PBXGroup section */

/* Begin PBXNativeTarget section */
		69A9B21B300CB40900791BB4 /* Not Recommended (iOS) */ = {
			isa = PBXNativeTarget;
			buildConfigurationList = 69A9B25E300CB40900791BB4 /* Build configuration list for PBXNativeTarget "Not Recommended (iOS)" */;
			buildPhases = (
				69A9B218300CB40900791BB4 /* Sources */,
				69A9B219300CB40900791BB4 /* Frameworks */,
				69A9B21A300CB40900791BB4 /* Resources */,
				69A9B25D300CB40900791BB4 /* Embed Foundation Extensions */,
			);
			buildRules = (
			);
			dependencies = (
				69A9B23D300CB40900791BB4 /* PBXTargetDependency */,
			);
			name = "Not Recommended (iOS)";
			packageProductDependencies = (
			);
			productName = "Not Recommended (iOS)";
			productReference = 69A9B21C300CB40900791BB4 /* Not Recommended.app */;
			productType = "com.apple.product-type.application";
		};
		69A9B22D300CB40900791BB4 /* Not Recommended (macOS) */ = {
			isa = PBXNativeTarget;
			buildConfigurationList = 69A9B265300CB40900791BB4 /* Build configuration list for PBXNativeTarget "Not Recommended (macOS)" */;
			buildPhases = (
				69A9B22A300CB40900791BB4 /* Sources */,
				69A9B22B300CB40900791BB4 /* Frameworks */,
				69A9B22C300CB40900791BB4 /* Resources */,
				69A9B264300CB40900791BB4 /* Embed Foundation Extensions */,
			);
			buildRules = (
			);
			dependencies = (
				69A9B247300CB40900791BB4 /* PBXTargetDependency */,
			);
			name = "Not Recommended (macOS)";
			packageProductDependencies = (
			);
			productName = "Not Recommended (macOS)";
			productReference = 69A9B22E300CB40900791BB4 /* Not Recommended.app */;
			productType = "com.apple.product-type.application";
		};
		69A9B239300CB40900791BB4 /* Not Recommended Extension (iOS) */ = {
			isa = PBXNativeTarget;
			buildConfigurationList = 69A9B25A300CB40900791BB4 /* Build configuration list for PBXNativeTarget "Not Recommended Extension (iOS)" */;
			buildPhases = (
				69A9B236300CB40900791BB4 /* Sources */,
				69A9B237300CB40900791BB4 /* Frameworks */,
				69A9B238300CB40900791BB4 /* Resources */,
			);
			buildRules = (
			);
			dependencies = (
			);
			name = "Not Recommended Extension (iOS)";
			packageProductDependencies = (
			);
			productName = "Not Recommended Extension (iOS)";
			productReference = 69A9B23A300CB40900791BB4 /* Not Recommended Extension.appex */;
			productType = "com.apple.product-type.app-extension";
		};
		69A9B243300CB40900791BB4 /* Not Recommended Extension (macOS) */ = {
			isa = PBXNativeTarget;
			buildConfigurationList = 69A9B261300CB40900791BB4 /* Build configuration list for PBXNativeTarget "Not Recommended Extension (macOS)" */;
			buildPhases = (
				69A9B240300CB40900791BB4 /* Sources */,
				69A9B241300CB40900791BB4 /* Frameworks */,
				69A9B242300CB40900791BB4 /* Resources */,
			);
			buildRules = (
			);
			dependencies = (
			);
			name = "Not Recommended Extension (macOS)";
			packageProductDependencies = (
			);
			productName = "Not Recommended Extension (macOS)";
			productReference = 69A9B244300CB40900791BB4 /* Not Recommended Extension.appex */;
			productType = "com.apple.product-type.app-extension";
		};
/* End PBXNativeTarget section */

/* Begin PBXProject section */
		69A9B209300CB40800791BB4 /* Project object */ = {
			isa = PBXProject;
			attributes = {
				BuildIndependentTargetsInParallel = 1;
				LastSwiftUpdateCheck = 2650;
				LastUpgradeCheck = 2650;
				TargetAttributes = {
					69A9B21B300CB40900791BB4 = {
						CreatedOnToolsVersion = 26.5;
					};
					69A9B22D300CB40900791BB4 = {
						CreatedOnToolsVersion = 26.5;
					};
					69A9B239300CB40900791BB4 = {
						CreatedOnToolsVersion = 26.5;
					};
					69A9B243300CB40900791BB4 = {
						CreatedOnToolsVersion = 26.5;
					};
				};
			};
			buildConfigurationList = 69A9B20C300CB40800791BB4 /* Build configuration list for PBXProject "Not Recommended" */;
			developmentRegion = en;
			hasScannedForEncodings = 0;
			knownRegions = (
				en,
				Base,
			);
			mainGroup = 69A9B208300CB40800791BB4;
			minimizedProjectReferenceProxies = 1;
			preferredProjectObjectVersion = 77;
			productRefGroup = 69A9B21D300CB40900791BB4 /* Products */;
			projectDirPath = "";
			projectRoot = "";
			targets = (
				69A9B21B300CB40900791BB4 /* Not Recommended (iOS) */,
				69A9B22D300CB40900791BB4 /* Not Recommended (macOS) */,
				69A9B239300CB40900791BB4 /* Not Recommended Extension (iOS) */,
				69A9B243300CB40900791BB4 /* Not Recommended Extension (macOS) */,
			);
		};
/* End PBXProject section */

/* Begin PBXResourcesBuildPhase section */
		69A9B21A300CB40900791BB4 /* Resources */ = {
			isa = PBXResourcesBuildPhase;
			buildActionMask = 2147483647;
			files = (
				69A9B24C300CB40900791BB4 /* Icon.png in Resources */,
				69A9B225300CB40900791BB4 /* LaunchScreen.storyboard in Resources */,
				69A9B24A300CB40900791BB4 /* Main.html in Resources */,
				69A9B250300CB40900791BB4 /* Script.js in Resources */,
				69A9B254300CB40900791BB4 /* Assets.xcassets in Resources */,
				69A9B228300CB40900791BB4 /* Main.storyboard in Resources */,
				69A9B24E300CB40900791BB4 /* Style.css in Resources */,
			);
			runOnlyForDeploymentPostprocessing = 0;
		};
		69A9B22C300CB40900791BB4 /* Resources */ = {
			isa = PBXResourcesBuildPhase;
			buildActionMask = 2147483647;
			files = (
				69A9B24D300CB40900791BB4 /* Icon.png in Resources */,
				69A9B24F300CB40900791BB4 /* Style.css in Resources */,
				69A9B234300CB40900791BB4 /* Main.storyboard in Resources */,
				69A9B251300CB40900791BB4 /* Script.js in Resources */,
				69A9B255300CB40900791BB4 /* Assets.xcassets in Resources */,
				69A9B24B300CB40900791BB4 /* Main.html in Resources */,
			);
			runOnlyForDeploymentPostprocessing = 0;
		};
		69A9B238300CB40900791BB4 /* Resources */ = {
			isa = PBXResourcesBuildPhase;
			buildActionMask = 2147483647;
			files = (
				69A9B28C300CB40900791BB4 /* content.js in Resources */,
				69A9B28B300CB40900791BB4 /* popup.css in Resources */,
				69A9B284300CB40900791BB4 /* background.js in Resources */,
				69A9B288300CB40900791BB4 /* icons in Resources */,
				69A9B285300CB40900791BB4 /* popup.html in Resources */,
				69A9B283300CB40900791BB4 /* LICENSE in Resources */,
				69A9B289300CB40900791BB4 /* manifest.json in Resources */,
				69A9B287300CB40900791BB4 /* README.md in Resources */,
				69A9B28A300CB40900791BB4 /* lib in Resources */,
				69A9B281300CB40900791BB4 /* popup.js in Resources */,
				69A9B282300CB40900791BB4 /* content.css in Resources */,
				69A9B286300CB40900791BB4 /* PRIVACY.md in Resources */,
			);
			runOnlyForDeploymentPostprocessing = 0;
		};
		69A9B242300CB40900791BB4 /* Resources */ = {
			isa = PBXResourcesBuildPhase;
			buildActionMask = 2147483647;
			files = (
				69A9B280300CB40900791BB4 /* content.js in Resources */,
				69A9B27F300CB40900791BB4 /* popup.css in Resources */,
				69A9B278300CB40900791BB4 /* background.js in Resources */,
				69A9B27C300CB40900791BB4 /* icons in Resources */,
				69A9B279300CB40900791BB4 /* popup.html in Resources */,
				69A9B277300CB40900791BB4 /* LICENSE in Resources */,
				69A9B27D300CB40900791BB4 /* manifest.json in Resources */,
				69A9B27B300CB40900791BB4 /* README.md in Resources */,
				69A9B27E300CB40900791BB4 /* lib in Resources */,
				69A9B275300CB40900791BB4 /* popup.js in Resources */,
				69A9B276300CB40900791BB4 /* content.css in Resources */,
				69A9B27A300CB40900791BB4 /* PRIVACY.md in Resources */,
			);
			runOnlyForDeploymentPostprocessing = 0;
		};
/* End PBXResourcesBuildPhase section */

/* Begin PBXSourcesBuildPhase section */
		69A9B218300CB40900791BB4 /* Sources */ = {
			isa = PBXSourcesBuildPhase;
			buildActionMask = 2147483647;
			files = (
				69A9B252300CB40900791BB4 /* ViewController.swift in Sources */,
				69A9B220300CB40900791BB4 /* AppDelegate.swift in Sources */,
				69A9B222300CB40900791BB4 /* SceneDelegate.swift in Sources */,
			);
			runOnlyForDeploymentPostprocessing = 0;
		};
		69A9B22A300CB40900791BB4 /* Sources */ = {
			isa = PBXSourcesBuildPhase;
			buildActionMask = 2147483647;
			files = (
				69A9B253300CB40900791BB4 /* ViewController.swift in Sources */,
				69A9B231300CB40900791BB4 /* AppDelegate.swift in Sources */,
			);
			runOnlyForDeploymentPostprocessing = 0;
		};
		69A9B236300CB40900791BB4 /* Sources */ = {
			isa = PBXSourcesBuildPhase;
			buildActionMask = 2147483647;
			files = (
				69A9B256300CB40900791BB4 /* SafariWebExtensionHandler.swift in Sources */,
			);
			runOnlyForDeploymentPostprocessing = 0;
		};
		69A9B240300CB40900791BB4 /* Sources */ = {
			isa = PBXSourcesBuildPhase;
			buildActionMask = 2147483647;
			files = (
				69A9B257300CB40900791BB4 /* SafariWebExtensionHandler.swift in Sources */,
			);
			runOnlyForDeploymentPostprocessing = 0;
		};
/* End PBXSourcesBuildPhase section */

/* Begin PBXTargetDependency section */
		69A9B23D300CB40900791BB4 /* PBXTargetDependency */ = {
			isa = PBXTargetDependency;
			target = 69A9B239300CB40900791BB4 /* Not Recommended Extension (iOS) */;
			targetProxy = 69A9B23C300CB40900791BB4 /* PBXContainerItemProxy */;
		};
		69A9B247300CB40900791BB4 /* PBXTargetDependency */ = {
			isa = PBXTargetDependency;
			target = 69A9B243300CB40900791BB4 /* Not Recommended Extension (macOS) */;
			targetProxy = 69A9B246300CB40900791BB4 /* PBXContainerItemProxy */;
		};
/* End PBXTargetDependency section */

/* Begin PBXVariantGroup section */
		69A9B20F300CB40800791BB4 /* Main.html */ = {
			isa = PBXVariantGroup;
			children = (
				69A9B210300CB40800791BB4 /* Base */,
			);
			name = Main.html;
			sourceTree = "<group>";
		};
		69A9B223300CB40900791BB4 /* LaunchScreen.storyboard */ = {
			isa = PBXVariantGroup;
			children = (
				69A9B224300CB40900791BB4 /* Base */,
			);
			name = LaunchScreen.storyboard;
			sourceTree = "<group>";
		};
		69A9B226300CB40900791BB4 /* Main.storyboard */ = {
			isa = PBXVariantGroup;
			children = (
				69A9B227300CB40900791BB4 /* Base */,
			);
			name = Main.storyboard;
			sourceTree = "<group>";
		};
		69A9B232300CB40900791BB4 /* Main.storyboard */ = {
			isa = PBXVariantGroup;
			children = (
				69A9B233300CB40900791BB4 /* Base */,
			);
			name = Main.storyboard;
			sourceTree = "<group>";
		};
/* End PBXVariantGroup section */

/* Begin XCBuildConfiguration section */
		69A9B258300CB40900791BB4 /* Debug */ = {
			isa = XCBuildConfiguration;
			buildSettings = {
				ALWAYS_SEARCH_USER_PATHS = NO;
				ASSETCATALOG_COMPILER_GENERATE_SWIFT_ASSET_SYMBOL_EXTENSIONS = YES;
				CLANG_ANALYZER_NONNULL = YES;
				CLANG_ANALYZER_NUMBER_OBJECT_CONVERSION = YES_AGGRESSIVE;
				CLANG_CXX_LANGUAGE_STANDARD = "gnu++20";
				CLANG_ENABLE_MODULES = YES;
				CLANG_ENABLE_OBJC_ARC = YES;
				CLANG_ENABLE_OBJC_WEAK = YES;
				CLANG_WARN_BLOCK_CAPTURE_AUTORELEASING = YES;
				CLANG_WARN_BOOL_CONVERSION = YES;
				CLANG_WARN_COMMA = YES;
				CLANG_WARN_CONSTANT_CONVERSION = YES;
				CLANG_WARN_DEPRECATED_OBJC_IMPLEMENTATIONS = YES;
				CLANG_WARN_DIRECT_OBJC_ISA_USAGE = YES_ERROR;
				CLANG_WARN_DOCUMENTATION_COMMENTS = YES;
				CLANG_WARN_EMPTY_BODY = YES;
				CLANG_WARN_ENUM_CONVERSION = YES;
				CLANG_WARN_INFINITE_RECURSION = YES;
				CLANG_WARN_INT_CONVERSION = YES;
				CLANG_WARN_NON_LITERAL_NULL_CONVERSION = YES;
				CLANG_WARN_OBJC_IMPLICIT_RETAIN_SELF = YES;
				CLANG_WARN_OBJC_LITERAL_CONVERSION = YES;
				CLANG_WARN_OBJC_ROOT_CLASS = YES_ERROR;
				CLANG_WARN_QUOTED_INCLUDE_IN_FRAMEWORK_HEADER = YES;
				CLANG_WARN_RANGE_LOOP_ANALYSIS = YES;
				CLANG_WARN_STRICT_PROTOTYPES = YES;
				CLANG_WARN_SUSPICIOUS_MOVE = YES;
				CLANG_WARN_UNGUARDED_AVAILABILITY = YES_AGGRESSIVE;
				CLANG_WARN_UNREACHABLE_CODE = YES;
				CLANG_WARN__DUPLICATE_METHOD_MATCH = YES;
				COPY_PHASE_STRIP = NO;
				DEBUG_INFORMATION_FORMAT = dwarf;
				ENABLE_STRICT_OBJC_MSGSEND = YES;
				ENABLE_TESTABILITY = YES;
				ENABLE_USER_SCRIPT_SANDBOXING = YES;
				GCC_C_LANGUAGE_STANDARD = gnu17;
				GCC_DYNAMIC_NO_PIC = NO;
				GCC_NO_COMMON_BLOCKS = YES;
				GCC_OPTIMIZATION_LEVEL = 0;
				GCC_PREPROCESSOR_DEFINITIONS = (
					"DEBUG=1",
					"$(inherited)",
				);
				GCC_WARN_64_TO_32_BIT_CONVERSION = YES;
				GCC_WARN_ABOUT_RETURN_TYPE = YES_ERROR;
				GCC_WARN_UNDECLARED_SELECTOR = YES;
				GCC_WARN_UNINITIALIZED_AUTOS = YES_AGGRESSIVE;
				GCC_WARN_UNUSED_FUNCTION = YES;
				GCC_WARN_UNUSED_VARIABLE = YES;
				LOCALIZATION_PREFERS_STRING_CATALOGS = YES;
				MTL_ENABLE_DEBUG_INFO = INCLUDE_SOURCE;
				MTL_FAST_MATH = YES;
				ONLY_ACTIVE_ARCH = YES;
				SWIFT_ACTIVE_COMPILATION_CONDITIONS = "DEBUG $(inherited)";
				SWIFT_OPTIMIZATION_LEVEL = "-Onone";
			};
			name = Debug;
		};
		69A9B259300CB40900791BB4 /* Release */ = {
			isa = XCBuildConfiguration;
			buildSettings = {
				ALWAYS_SEARCH_USER_PATHS = NO;
				ASSETCATALOG_COMPILER_GENERATE_SWIFT_ASSET_SYMBOL_EXTENSIONS = YES;
				CLANG_ANALYZER_NONNULL = YES;
				CLANG_ANALYZER_NUMBER_OBJECT_CONVERSION = YES_AGGRESSIVE;
				CLANG_CXX_LANGUAGE_STANDARD = "gnu++20";
				CLANG_ENABLE_MODULES = YES;
				CLANG_ENABLE_OBJC_ARC = YES;
				CLANG_ENABLE_OBJC_WEAK = YES;
				CLANG_WARN_BLOCK_CAPTURE_AUTORELEASING = YES;
				CLANG_WARN_BOOL_CONVERSION = YES;
				CLANG_WARN_COMMA = YES;
				CLANG_WARN_CONSTANT_CONVERSION = YES;
				CLANG_WARN_DEPRECATED_OBJC_IMPLEMENTATIONS = YES;
				CLANG_WARN_DIRECT_OBJC_ISA_USAGE = YES_ERROR;
				CLANG_WARN_DOCUMENTATION_COMMENTS = YES;
				CLANG_WARN_EMPTY_BODY = YES;
				CLANG_WARN_ENUM_CONVERSION = YES;
				CLANG_WARN_INFINITE_RECURSION = YES;
				CLANG_WARN_INT_CONVERSION = YES;
				CLANG_WARN_NON_LITERAL_NULL_CONVERSION = YES;
				CLANG_WARN_OBJC_IMPLICIT_RETAIN_SELF = YES;
				CLANG_WARN_OBJC_LITERAL_CONVERSION = YES;
				CLANG_WARN_OBJC_ROOT_CLASS = YES_ERROR;
				CLANG_WARN_QUOTED_INCLUDE_IN_FRAMEWORK_HEADER = YES;
				CLANG_WARN_RANGE_LOOP_ANALYSIS = YES;
				CLANG_WARN_STRICT_PROTOTYPES = YES;
				CLANG_WARN_SUSPICIOUS_MOVE = YES;
				CLANG_WARN_UNGUARDED_AVAILABILITY = YES_AGGRESSIVE;
				CLANG_WARN_UNREACHABLE_CODE = YES;
				CLANG_WARN__DUPLICATE_METHOD_MATCH = YES;
				COPY_PHASE_STRIP = NO;
				DEBUG_INFORMATION_FORMAT = "dwarf-with-dsym";
				ENABLE_NS_ASSERTIONS = NO;
				ENABLE_STRICT_OBJC_MSGSEND = YES;
				ENABLE_USER_SCRIPT_SANDBOXING = YES;
				GCC_C_LANGUAGE_STANDARD = gnu17;
				GCC_NO_COMMON_BLOCKS = YES;
				GCC_WARN_64_TO_32_BIT_CONVERSION = YES;
				GCC_WARN_ABOUT_RETURN_TYPE = YES_ERROR;
				GCC_WARN_UNDECLARED_SELECTOR = YES;
				GCC_WARN_UNINITIALIZED_AUTOS = YES_AGGRESSIVE;
				GCC_WARN_UNUSED_FUNCTION = YES;
				GCC_WARN_UNUSED_VARIABLE = YES;
				LOCALIZATION_PREFERS_STRING_CATALOGS = YES;
				MTL_ENABLE_DEBUG_INFO = NO;
				MTL_FAST_MATH = YES;
				SWIFT_COMPILATION_MODE = wholemodule;
			};
			name = Release;
		};
		69A9B25B300CB40900791BB4 /* Debug */ = {
			isa = XCBuildConfiguration;
			buildSettings = {
				CODE_SIGN_STYLE = Automatic;
				CURRENT_PROJECT_VERSION = 1;
				GENERATE_INFOPLIST_FILE = YES;
				INFOPLIST_FILE = "iOS (Extension)/Info.plist";
				INFOPLIST_KEY_CFBundleDisplayName = "Not Recommended Extension";
				INFOPLIST_KEY_NSHumanReadableCopyright = "";
				IPHONEOS_DEPLOYMENT_TARGET = 15.0;
				LD_RUNPATH_SEARCH_PATHS = (
					"$(inherited)",
					"@executable_path/Frameworks",
					"@executable_path/../../Frameworks",
				);
				MARKETING_VERSION = 1.0;
				OTHER_LDFLAGS = (
					"-framework",
					SafariServices,
				);
				PRODUCT_BUNDLE_IDENTIFIER = com.notrecommended.app.Extension;
				PRODUCT_NAME = "Not Recommended Extension";
				SDKROOT = iphoneos;
				SKIP_INSTALL = YES;
				STRING_CATALOG_GENERATE_SYMBOLS = YES;
				SWIFT_APPROACHABLE_CONCURRENCY = YES;
				SWIFT_EMIT_LOC_STRINGS = YES;
				SWIFT_UPCOMING_FEATURE_MEMBER_IMPORT_VISIBILITY = YES;
				SWIFT_VERSION = 5.0;
				TARGETED_DEVICE_FAMILY = "1,2";
			};
			name = Debug;
		};
		69A9B25C300CB40900791BB4 /* Release */ = {
			isa = XCBuildConfiguration;
			buildSettings = {
				CODE_SIGN_STYLE = Automatic;
				CURRENT_PROJECT_VERSION = 1;
				GENERATE_INFOPLIST_FILE = YES;
				INFOPLIST_FILE = "iOS (Extension)/Info.plist";
				INFOPLIST_KEY_CFBundleDisplayName = "Not Recommended Extension";
				INFOPLIST_KEY_NSHumanReadableCopyright = "";
				IPHONEOS_DEPLOYMENT_TARGET = 15.0;
				LD_RUNPATH_SEARCH_PATHS = (
					"$(inherited)",
					"@executable_path/Frameworks",
					"@executable_path/../../Frameworks",
				);
				MARKETING_VERSION = 1.0;
				OTHER_LDFLAGS = (
					"-framework",
					SafariServices,
				);
				PRODUCT_BUNDLE_IDENTIFIER = com.notrecommended.app.Extension;
				PRODUCT_NAME = "Not Recommended Extension";
				SDKROOT = iphoneos;
				SKIP_INSTALL = YES;
				STRING_CATALOG_GENERATE_SYMBOLS = YES;
				SWIFT_APPROACHABLE_CONCURRENCY = YES;
				SWIFT_EMIT_LOC_STRINGS = YES;
				SWIFT_UPCOMING_FEATURE_MEMBER_IMPORT_VISIBILITY = YES;
				SWIFT_VERSION = 5.0;
				TARGETED_DEVICE_FAMILY = "1,2";
				VALIDATE_PRODUCT = YES;
			};
			name = Release;
		};
		69A9B25F300CB40900791BB4 /* Debug */ = {
			isa = XCBuildConfiguration;
			buildSettings = {
				ASSETCATALOG_COMPILER_APPICON_NAME = AppIcon;
				ASSETCATALOG_COMPILER_GLOBAL_ACCENT_COLOR_NAME = AccentColor;
				CODE_SIGN_STYLE = Automatic;
				CURRENT_PROJECT_VERSION = 1;
				GENERATE_INFOPLIST_FILE = YES;
				INFOPLIST_FILE = "iOS (App)/Info.plist";
				INFOPLIST_KEY_CFBundleDisplayName = "Not Recommended";
				INFOPLIST_KEY_UIApplicationSupportsIndirectInputEvents = YES;
				INFOPLIST_KEY_UILaunchStoryboardName = LaunchScreen;
				INFOPLIST_KEY_UIMainStoryboardFile = Main;
				INFOPLIST_KEY_UISupportedInterfaceOrientations = "UIInterfaceOrientationPortrait UIInterfaceOrientationLandscapeLeft UIInterfaceOrientationLandscapeRight";
				INFOPLIST_KEY_UISupportedInterfaceOrientations_iPad = "UIInterfaceOrientationPortrait UIInterfaceOrientationPortraitUpsideDown UIInterfaceOrientationLandscapeLeft UIInterfaceOrientationLandscapeRight";
				IPHONEOS_DEPLOYMENT_TARGET = 15.0;
				LD_RUNPATH_SEARCH_PATHS = (
					"$(inherited)",
					"@executable_path/Frameworks",
				);
				MARKETING_VERSION = 1.0;
				OTHER_LDFLAGS = (
					"-framework",
					SafariServices,
					"-framework",
					WebKit,
				);
				PRODUCT_BUNDLE_IDENTIFIER = com.notrecommended.app;
				PRODUCT_NAME = "Not Recommended";
				SDKROOT = iphoneos;
				STRING_CATALOG_GENERATE_SYMBOLS = YES;
				SWIFT_APPROACHABLE_CONCURRENCY = YES;
				SWIFT_DEFAULT_ACTOR_ISOLATION = MainActor;
				SWIFT_EMIT_LOC_STRINGS = YES;
				SWIFT_UPCOMING_FEATURE_MEMBER_IMPORT_VISIBILITY = YES;
				SWIFT_VERSION = 5.0;
				TARGETED_DEVICE_FAMILY = "1,2";
			};
			name = Debug;
		};
		69A9B260300CB40900791BB4 /* Release */ = {
			isa = XCBuildConfiguration;
			buildSettings = {
				ASSETCATALOG_COMPILER_APPICON_NAME = AppIcon;
				ASSETCATALOG_COMPILER_GLOBAL_ACCENT_COLOR_NAME = AccentColor;
				CODE_SIGN_STYLE = Automatic;
				CURRENT_PROJECT_VERSION = 1;
				GENERATE_INFOPLIST_FILE = YES;
				INFOPLIST_FILE = "iOS (App)/Info.plist";
				INFOPLIST_KEY_CFBundleDisplayName = "Not Recommended";
				INFOPLIST_KEY_UIApplicationSupportsIndirectInputEvents = YES;
				INFOPLIST_KEY_UILaunchStoryboardName = LaunchScreen;
				INFOPLIST_KEY_UIMainStoryboardFile = Main;
				INFOPLIST_KEY_UISupportedInterfaceOrientations = "UIInterfaceOrientationPortrait UIInterfaceOrientationLandscapeLeft UIInterfaceOrientationLandscapeRight";
				INFOPLIST_KEY_UISupportedInterfaceOrientations_iPad = "UIInterfaceOrientationPortrait UIInterfaceOrientationPortraitUpsideDown UIInterfaceOrientationLandscapeLeft UIInterfaceOrientationLandscapeRight";
				IPHONEOS_DEPLOYMENT_TARGET = 15.0;
				LD_RUNPATH_SEARCH_PATHS = (
					"$(inherited)",
					"@executable_path/Frameworks",
				);
				MARKETING_VERSION = 1.0;
				OTHER_LDFLAGS = (
					"-framework",
					SafariServices,
					"-framework",
					WebKit,
				);
				PRODUCT_BUNDLE_IDENTIFIER = com.notrecommended.app;
				PRODUCT_NAME = "Not Recommended";
				SDKROOT = iphoneos;
				STRING_CATALOG_GENERATE_SYMBOLS = YES;
				SWIFT_APPROACHABLE_CONCURRENCY = YES;
				SWIFT_DEFAULT_ACTOR_ISOLATION = MainActor;
				SWIFT_EMIT_LOC_STRINGS = YES;
				SWIFT_UPCOMING_FEATURE_MEMBER_IMPORT_VISIBILITY = YES;
				SWIFT_VERSION = 5.0;
				TARGETED_DEVICE_FAMILY = "1,2";
				VALIDATE_PRODUCT = YES;
			};
			name = Release;
		};
		69A9B262300CB40900791BB4 /* Debug */ = {
			isa = XCBuildConfiguration;
			buildSettings = {
				CODE_SIGN_STYLE = Automatic;
				CURRENT_PROJECT_VERSION = 1;
				ENABLE_APP_SANDBOX = YES;
				ENABLE_HARDENED_RUNTIME = YES;
				ENABLE_USER_SELECTED_FILES = readonly;
				GENERATE_INFOPLIST_FILE = YES;
				INFOPLIST_FILE = "macOS (Extension)/Info.plist";
				INFOPLIST_KEY_CFBundleDisplayName = "Not Recommended Extension";
				INFOPLIST_KEY_NSHumanReadableCopyright = "";
				LD_RUNPATH_SEARCH_PATHS = (
					"$(inherited)",
					"@executable_path/../Frameworks",
					"@executable_path/../../../../Frameworks",
				);
				MACOSX_DEPLOYMENT_TARGET = 10.14;
				MARKETING_VERSION = 1.0;
				OTHER_LDFLAGS = (
					"-framework",
					SafariServices,
				);
				PRODUCT_BUNDLE_IDENTIFIER = com.notrecommended.app.Extension;
				PRODUCT_NAME = "Not Recommended Extension";
				SDKROOT = macosx;
				SKIP_INSTALL = YES;
				STRING_CATALOG_GENERATE_SYMBOLS = YES;
				SWIFT_APPROACHABLE_CONCURRENCY = YES;
				SWIFT_EMIT_LOC_STRINGS = YES;
				SWIFT_UPCOMING_FEATURE_MEMBER_IMPORT_VISIBILITY = YES;
				SWIFT_VERSION = 5.0;
			};
			name = Debug;
		};
		69A9B263300CB40900791BB4 /* Release */ = {
			isa = XCBuildConfiguration;
			buildSettings = {
				CODE_SIGN_STYLE = Automatic;
				CURRENT_PROJECT_VERSION = 1;
				ENABLE_APP_SANDBOX = YES;
				ENABLE_HARDENED_RUNTIME = YES;
				ENABLE_USER_SELECTED_FILES = readonly;
				GENERATE_INFOPLIST_FILE = YES;
				INFOPLIST_FILE = "macOS (Extension)/Info.plist";
				INFOPLIST_KEY_CFBundleDisplayName = "Not Recommended Extension";
				INFOPLIST_KEY_NSHumanReadableCopyright = "";
				LD_RUNPATH_SEARCH_PATHS = (
					"$(inherited)",
					"@executable_path/../Frameworks",
					"@executable_path/../../../../Frameworks",
				);
				MACOSX_DEPLOYMENT_TARGET = 10.14;
				MARKETING_VERSION = 1.0;
				OTHER_LDFLAGS = (
					"-framework",
					SafariServices,
				);
				PRODUCT_BUNDLE_IDENTIFIER = com.notrecommended.app.Extension;
				PRODUCT_NAME = "Not Recommended Extension";
				SDKROOT = macosx;
				SKIP_INSTALL = YES;
				STRING_CATALOG_GENERATE_SYMBOLS = YES;
				SWIFT_APPROACHABLE_CONCURRENCY = YES;
				SWIFT_EMIT_LOC_STRINGS = YES;
				SWIFT_UPCOMING_FEATURE_MEMBER_IMPORT_VISIBILITY = YES;
				SWIFT_VERSION = 5.0;
			};
			name = Release;
		};
		69A9B266300CB40900791BB4 /* Debug */ = {
			isa = XCBuildConfiguration;
			buildSettings = {
				ASSETCATALOG_COMPILER_APPICON_NAME = AppIcon;
				ASSETCATALOG_COMPILER_GLOBAL_ACCENT_COLOR_NAME = AccentColor;
				CODE_SIGN_STYLE = Automatic;
				CURRENT_PROJECT_VERSION = 1;
				ENABLE_APP_SANDBOX = YES;
				ENABLE_HARDENED_RUNTIME = YES;
				ENABLE_OUTGOING_NETWORK_CONNECTIONS = YES;
				ENABLE_USER_SELECTED_FILES = readonly;
				GENERATE_INFOPLIST_FILE = YES;
				INFOPLIST_FILE = "macOS (App)/Info.plist";
				INFOPLIST_KEY_CFBundleDisplayName = "Not Recommended";
				INFOPLIST_KEY_NSMainStoryboardFile = Main;
				INFOPLIST_KEY_NSPrincipalClass = NSApplication;
				LD_RUNPATH_SEARCH_PATHS = (
					"$(inherited)",
					"@executable_path/../Frameworks",
				);
				MACOSX_DEPLOYMENT_TARGET = 10.14;
				MARKETING_VERSION = 1.0;
				OTHER_LDFLAGS = (
					"-framework",
					SafariServices,
					"-framework",
					WebKit,
				);
				PRODUCT_BUNDLE_IDENTIFIER = com.notrecommended.app;
				PRODUCT_NAME = "Not Recommended";
				REGISTER_APP_GROUPS = YES;
				SDKROOT = macosx;
				STRING_CATALOG_GENERATE_SYMBOLS = YES;
				SWIFT_APPROACHABLE_CONCURRENCY = YES;
				SWIFT_DEFAULT_ACTOR_ISOLATION = MainActor;
				SWIFT_EMIT_LOC_STRINGS = YES;
				SWIFT_UPCOMING_FEATURE_MEMBER_IMPORT_VISIBILITY = YES;
				SWIFT_VERSION = 5.0;
			};
			name = Debug;
		};
		69A9B267300CB40900791BB4 /* Release */ = {
			isa = XCBuildConfiguration;
			buildSettings = {
				ASSETCATALOG_COMPILER_APPICON_NAME = AppIcon;
				ASSETCATALOG_COMPILER_GLOBAL_ACCENT_COLOR_NAME = AccentColor;
				CODE_SIGN_STYLE = Automatic;
				CURRENT_PROJECT_VERSION = 1;
				ENABLE_APP_SANDBOX = YES;
				ENABLE_HARDENED_RUNTIME = YES;
				ENABLE_OUTGOING_NETWORK_CONNECTIONS = YES;
				ENABLE_USER_SELECTED_FILES = readonly;
				GENERATE_INFOPLIST_FILE = YES;
				INFOPLIST_FILE = "macOS (App)/Info.plist";
				INFOPLIST_KEY_CFBundleDisplayName = "Not Recommended";
				INFOPLIST_KEY_NSMainStoryboardFile = Main;
				INFOPLIST_KEY_NSPrincipalClass = NSApplication;
				LD_RUNPATH_SEARCH_PATHS = (
					"$(inherited)",
					"@executable_path/../Frameworks",
				);
				MACOSX_DEPLOYMENT_TARGET = 10.14;
				MARKETING_VERSION = 1.0;
				OTHER_LDFLAGS = (
					"-framework",
					SafariServices,
					"-framework",
					WebKit,
				);
				PRODUCT_BUNDLE_IDENTIFIER = com.notrecommended.app;
				PRODUCT_NAME = "Not Recommended";
				REGISTER_APP_GROUPS = YES;
				SDKROOT = macosx;
				STRING_CATALOG_GENERATE_SYMBOLS = YES;
				SWIFT_APPROACHABLE_CONCURRENCY = YES;
				SWIFT_DEFAULT_ACTOR_ISOLATION = MainActor;
				SWIFT_EMIT_LOC_STRINGS = YES;
				SWIFT_UPCOMING_FEATURE_MEMBER_IMPORT_VISIBILITY = YES;
				SWIFT_VERSION = 5.0;
			};
			name = Release;
		};
/* End XCBuildConfiguration section */

/* Begin XCConfigurationList section */
		69A9B20C300CB40800791BB4 /* Build configuration list for PBXProject "Not Recommended" */ = {
			isa = XCConfigurationList;
			buildConfigurations = (
				69A9B258300CB40900791BB4 /* Debug */,
				69A9B259300CB40900791BB4 /* Release */,
			);
			defaultConfigurationIsVisible = 0;
			defaultConfigurationName = Release;
		};
		69A9B25A300CB40900791BB4 /* Build configuration list for PBXNativeTarget "Not Recommended Extension (iOS)" */ = {
			isa = XCConfigurationList;
			buildConfigurations = (
				69A9B25B300CB40900791BB4 /* Debug */,
				69A9B25C300CB40900791BB4 /* Release */,
			);
			defaultConfigurationIsVisible = 0;
			defaultConfigurationName = Release;
		};
		69A9B25E300CB40900791BB4 /* Build configuration list for PBXNativeTarget "Not Recommended (iOS)" */ = {
			isa = XCConfigurationList;
			buildConfigurations = (
				69A9B25F300CB40900791BB4 /* Debug */,
				69A9B260300CB40900791BB4 /* Release */,
			);
			defaultConfigurationIsVisible = 0;
			defaultConfigurationName = Release;
		};
		69A9B261300CB40900791BB4 /* Build configuration list for PBXNativeTarget "Not Recommended Extension (macOS)" */ = {
			isa = XCConfigurationList;
			buildConfigurations = (
				69A9B262300CB40900791BB4 /* Debug */,
				69A9B263300CB40900791BB4 /* Release */,
			);
			defaultConfigurationIsVisible = 0;
			defaultConfigurationName = Release;
		};
		69A9B265300CB40900791BB4 /* Build configuration list for PBXNativeTarget "Not Recommended (macOS)" */ = {
			isa = XCConfigurationList;
			buildConfigurations = (
				69A9B266300CB40900791BB4 /* Debug */,
				69A9B267300CB40900791BB4 /* Release */,
			);
			defaultConfigurationIsVisible = 0;
			defaultConfigurationName = Release;
		};
/* End XCConfigurationList section */
	};
	rootObject = 69A9B209300CB40800791BB4 /* Project object */;
}
